
Microsoft Visual Studio Solution File, Format Version 12.00
# Visual Studio Version 17
VisualStudioVersion = 17.10.34928.147
MinimumVisualStudioVersion = 10.0.40219.1
Project("{FAE04EC0-301F-11D3-BF4B-00C04F79EFBC}") = "FileAccesLibrary", "FileAccesLibrary.csproj", "{EE06C434-D50F-4AA1-96DE-F41148F05369}"
EndProject
Project("{FAE04EC0-301F-11D3-BF4B-00C04F79EFBC}") = "TestingProject", "..\TestingProject\TestingProject.csproj", "{05F3D574-38FA-40B6-8B92-CE77DC60E9C6}"
EndProject
Global
	GlobalSection(SolutionConfigurationPlatforms) = preSolution
		Debug|Any CPU = Debug|Any CPU
		Release|Any CPU = Release|Any CPU
	EndGlobalSection
	GlobalSection(ProjectConfigurationPlatforms) = postSolution
		{EE06C434-D50F-4AA1-96DE-F41148F05369}.Debug|Any CPU.ActiveCfg = Debug|Any CPU
		{EE06C434-D50F-4AA1-96DE-F41148F05369}.Debug|Any CPU.Build.0 = Debug|Any CPU
		{EE06C434-D50F-4AA1-96DE-F41148F05369}.Release|Any CPU.ActiveCfg = Release|Any CPU
		{EE06C434-D50F-4AA1-96DE-F41148F05369}.Release|Any CPU.Build.0 = Release|Any CPU
		{05F3D574-38FA-40B6-8B92-CE77DC60E9C6}.Debug|Any CPU.ActiveCfg = Debug|Any CPU
		{05F3D574-38FA-40B6-8B92-CE77DC60E9C6}.Debug|Any CPU.Build.0 = Debug|Any CPU
		{05F3D574-38FA-40B6-8B92-CE77DC60E9C6}.Release|Any CPU.ActiveCfg = Release|Any CPU
		{05F3D574-38FA-40B6-8B92-CE77DC60E9C6}.Release|Any CPU.Build.0 = Release|Any CPU
	EndGlobalSection
	GlobalSection(SolutionProperties) = preSolution
		HideSolutionNode = FALSE
	EndGlobalSection
	GlobalSection(ExtensibilityGlobals) = postSolution
		SolutionGuid = {57D807A7-3894-4E43-8251-41F23815AED7}
	EndGlobalSection
EndGlobal
